
Microsoft Visual Studio Solution File, Format Version 12.00
# Visual Studio Version 16
VisualStudioVersion = 16.0.31205.134
MinimumVisualStudioVersion = 10.0.40219.1
Project("{FAE04EC0-301F-11D3-BF4B-00C04F79EFBC}") = "Cw4", "Cw4\Cw4.csproj", "{3C4A0335-0436-4D1A-99C8-9D41B44E2568}"
EndProject
Global
	GlobalSection(SolutionConfigurationPlatforms) = preSolution
		Debug|Any CPU = Debug|Any CPU
		Release|Any CPU = Release|Any CPU
	EndGlobalSection
	GlobalSection(ProjectConfigurationPlatforms) = postSolution
		{3C4A0335-0436-4D1A-99C8-9D41B44E2568}.Debug|Any CPU.ActiveCfg = Debug|Any CPU
		{3C4A0335-0436-4D1A-99C8-9D41B44E2568}.Debug|Any CPU.Build.0 = Debug|Any CPU
		{3C4A0335-0436-4D1A-99C8-9D41B44E2568}.Release|Any CPU.ActiveCfg = Release|Any CPU
		{3C4A0335-0436-4D1A-99C8-9D41B44E2568}.Release|Any CPU.Build.0 = Release|Any CPU
	EndGlobalSection
	GlobalSection(SolutionProperties) = preSolution
		HideSolutionNode = FALSE
	EndGlobalSection
	GlobalSection(ExtensibilityGlobals) = postSolution
		SolutionGuid = {84DA8B69-286A-48B7-8099-769A061E93DB}
	EndGlobalSection
EndGlobal
