
Microsoft Visual Studio Solution File, Format Version 12.00
# Visual Studio Version 16
VisualStudioVersion = 16.0.31205.134
MinimumVisualStudioVersion = 10.0.40219.1
Project("{FAE04EC0-301F-11D3-BF4B-00C04F79EFBC}") = "lab1", "lab1\lab1.csproj", "{5F07E175-5667-430A-B210-9B0EE58EC73C}"
EndProject
Global
	GlobalSection(SolutionConfigurationPlatforms) = preSolution
		Debug|Any CPU = Debug|Any CPU
		Release|Any CPU = Release|Any CPU
	EndGlobalSection
	GlobalSection(ProjectConfigurationPlatforms) = postSolution
		{5F07E175-5667-430A-B210-9B0EE58EC73C}.Debug|Any CPU.ActiveCfg = Debug|Any CPU
		{5F07E175-5667-430A-B210-9B0EE58EC73C}.Debug|Any CPU.Build.0 = Debug|Any CPU
		{5F07E175-5667-430A-B210-9B0EE58EC73C}.Release|Any CPU.ActiveCfg = Release|Any CPU
		{5F07E175-5667-430A-B210-9B0EE58EC73C}.Release|Any CPU.Build.0 = Release|Any CPU
	EndGlobalSection
	GlobalSection(SolutionProperties) = preSolution
		HideSolutionNode = FALSE
	EndGlobalSection
	GlobalSection(ExtensibilityGlobals) = postSolution
		SolutionGuid = {BB121445-1F61-464E-9389-2B01A5F99361}
	EndGlobalSection
EndGlobal
