
Microsoft Visual Studio Solution File, Format Version 12.00
# Visual Studio Version 16
VisualStudioVersion = 16.0.31205.134
MinimumVisualStudioVersion = 10.0.40219.1
Project("{FAE04EC0-301F-11D3-BF4B-00C04F79EFBC}") = "Cw5", "Cw5\Cw5.csproj", "{50CC187F-33F4-4EEB-BB39-BABCB95EDC86}"
EndProject
Global
	GlobalSection(SolutionConfigurationPlatforms) = preSolution
		Debug|Any CPU = Debug|Any CPU
		Release|Any CPU = Release|Any CPU
	EndGlobalSection
	GlobalSection(ProjectConfigurationPlatforms) = postSolution
		{50CC187F-33F4-4EEB-BB39-BABCB95EDC86}.Debug|Any CPU.ActiveCfg = Debug|Any CPU
		{50CC187F-33F4-4EEB-BB39-BABCB95EDC86}.Debug|Any CPU.Build.0 = Debug|Any CPU
		{50CC187F-33F4-4EEB-BB39-BABCB95EDC86}.Release|Any CPU.ActiveCfg = Release|Any CPU
		{50CC187F-33F4-4EEB-BB39-BABCB95EDC86}.Release|Any CPU.Build.0 = Release|Any CPU
	EndGlobalSection
	GlobalSection(SolutionProperties) = preSolution
		HideSolutionNode = FALSE
	EndGlobalSection
	GlobalSection(ExtensibilityGlobals) = postSolution
		SolutionGuid = {0E78D93F-9203-4C08-A018-B7455F8C5394}
	EndGlobalSection
EndGlobal
