
Microsoft Visual Studio Solution File, Format Version 12.00
# Visual Studio Version 16
VisualStudioVersion = 16.0.31205.134
MinimumVisualStudioVersion = 10.0.40219.1
Project("{FAE04EC0-301F-11D3-BF4B-00C04F79EFBC}") = "cw3", "cw3\cw3.csproj", "{824D3E79-864D-42CF-B00D-BCE762C1876E}"
EndProject
Global
	GlobalSection(SolutionConfigurationPlatforms) = preSolution
		Debug|Any CPU = Debug|Any CPU
		Release|Any CPU = Release|Any CPU
	EndGlobalSection
	GlobalSection(ProjectConfigurationPlatforms) = postSolution
		{824D3E79-864D-42CF-B00D-BCE762C1876E}.Debug|Any CPU.ActiveCfg = Debug|Any CPU
		{824D3E79-864D-42CF-B00D-BCE762C1876E}.Debug|Any CPU.Build.0 = Debug|Any CPU
		{824D3E79-864D-42CF-B00D-BCE762C1876E}.Release|Any CPU.ActiveCfg = Release|Any CPU
		{824D3E79-864D-42CF-B00D-BCE762C1876E}.Release|Any CPU.Build.0 = Release|Any CPU
	EndGlobalSection
	GlobalSection(SolutionProperties) = preSolution
		HideSolutionNode = FALSE
	EndGlobalSection
	GlobalSection(ExtensibilityGlobals) = postSolution
		SolutionGuid = {E7C0FFEB-2590-47D5-BB6D-8436F997E8D7}
	EndGlobalSection
EndGlobal
