
Microsoft Visual Studio Solution File, Format Version 12.00
# Visual Studio Version 16
VisualStudioVersion = 16.0.31205.134
MinimumVisualStudioVersion = 10.0.40219.1
Project("{FAE04EC0-301F-11D3-BF4B-00C04F79EFBC}") = "lab1_4", "lab1_4\lab1_4.csproj", "{232607E0-16D1-442E-B668-150954FAA814}"
EndProject
Global
	GlobalSection(SolutionConfigurationPlatforms) = preSolution
		Debug|Any CPU = Debug|Any CPU
		Release|Any CPU = Release|Any CPU
	EndGlobalSection
	GlobalSection(ProjectConfigurationPlatforms) = postSolution
		{232607E0-16D1-442E-B668-150954FAA814}.Debug|Any CPU.ActiveCfg = Debug|Any CPU
		{232607E0-16D1-442E-B668-150954FAA814}.Debug|Any CPU.Build.0 = Debug|Any CPU
		{232607E0-16D1-442E-B668-150954FAA814}.Release|Any CPU.ActiveCfg = Release|Any CPU
		{232607E0-16D1-442E-B668-150954FAA814}.Release|Any CPU.Build.0 = Release|Any CPU
	EndGlobalSection
	GlobalSection(SolutionProperties) = preSolution
		HideSolutionNode = FALSE
	EndGlobalSection
	GlobalSection(ExtensibilityGlobals) = postSolution
		SolutionGuid = {B53FD857-5850-4202-9104-B84E6B1CD9A6}
	EndGlobalSection
EndGlobal
